
Microsoft Visual Studio Solution File, Format Version 12.00
# Visual Studio Version 17
VisualStudioVersion = 17.5.33414.496
MinimumVisualStudioVersion = 10.0.40219.1
Project("{8BC9CEB8-8B4A-11D0-8D11-00A0C91BC942}") = "FirstApp", "FirstApp\FirstApp.vcxproj", "{ACBEDF9E-4641-426D-9007-B530C07E7994}"
EndProject
Global
	GlobalSection(SolutionConfigurationPlatforms) = preSolution
		Debug|x64 = Debug|x64
		Debug|x86 = Debug|x86
		Release|x64 = Release|x64
		Release|x86 = Release|x86
	EndGlobalSection
	GlobalSection(ProjectConfigurationPlatforms) = postSolution
		{ACBEDF9E-4641-426D-9007-B530C07E7994}.Debug|x64.ActiveCfg = Debug|x64
		{ACBEDF9E-4641-426D-9007-B530C07E7994}.Debug|x64.Build.0 = Debug|x64
		{ACBEDF9E-4641-426D-9007-B530C07E7994}.Debug|x86.ActiveCfg = Debug|Win32
		{ACBEDF9E-4641-426D-9007-B530C07E7994}.Debug|x86.Build.0 = Debug|Win32
		{ACBEDF9E-4641-426D-9007-B530C07E7994}.Release|x64.ActiveCfg = Release|x64
		{ACBEDF9E-4641-426D-9007-B530C07E7994}.Release|x64.Build.0 = Release|x64
		{ACBEDF9E-4641-426D-9007-B530C07E7994}.Release|x86.ActiveCfg = Release|Win32
		{ACBEDF9E-4641-426D-9007-B530C07E7994}.Release|x86.Build.0 = Release|Win32
	EndGlobalSection
	GlobalSection(SolutionProperties) = preSolution
		HideSolutionNode = FALSE
	EndGlobalSection
	GlobalSection(ExtensibilityGlobals) = postSolution
		SolutionGuid = {ED87E3F7-3A3C-434C-A45C-396E160A4C2A}
	EndGlobalSection
EndGlobal
